{
  "version": "5",
  "specifiers": {
    "jsr:@std/cli@^1.0.32": "1.0.32",
    "jsr:@std/encoding@^1.0.11": "1.0.11",
    "jsr:@std/fmt@^1.0.10": "1.0.10",
    "jsr:@std/fs@^1.0.24": "1.0.24",
    "jsr:@std/html@^1.0.7": "1.0.7",
    "jsr:@std/http@1": "1.1.4",
    "jsr:@std/internal@^1.0.14": "1.0.14",
    "jsr:@std/media-types@^1.1.0": "1.1.0",
    "jsr:@std/net@^1.0.7": "1.0.7",
    "jsr:@std/path@^1.1.6": "1.1.6",
    "jsr:@std/streams@^1.2.0": "1.2.0",
    "npm:arktype@^2.2.7": "2.2.7"
  },
  "jsr": {
    "@std/cli@1.0.32": {
      "integrity": "188b3a100d6202d64e3f5bd3d799c7fa4f6d77f92cc65eb7f641c1fa0aa92a66"
    },
    "@std/encoding@1.0.11": {
      "integrity": "e7cef2f0b3153bccc17431e7c864a1de03a4b6d9647389c43e08aaa775d37385"
    },
    "@std/fmt@1.0.10": {
      "integrity": "90dfba288802ac6de82fb31d0917eb9e4450b9925b954d5e51fc29ac07419db5"
    },
    "@std/fs@1.0.24": {
      "integrity": "f3061b45b81673a2bece689da041df32d174be064c89eb6397fb5718d3fb7877"
    },
    "@std/html@1.0.7": {
      "integrity": "175c818905a6e75743c69c251395e273d82698e58cfe7dd76268d70e28b8d8fe"
    },
    "@std/http@1.1.4": {
      "integrity": "4f1575226ca7c0df1df38b26d50265fed30869b2a63ab867edc5b92492150c8c",
      "dependencies": [
        "jsr:@std/cli",
        "jsr:@std/encoding",
        "jsr:@std/fmt",
        "jsr:@std/fs",
        "jsr:@std/html",
        "jsr:@std/media-types",
        "jsr:@std/net",
        "jsr:@std/path",
        "jsr:@std/streams"
      ]
    },
    "@std/internal@1.0.14": {
      "integrity": "291516b3d4c35024d6ffbc0a9df5bf4c64116e05b50012cf846710152d2ffdf7"
    },
    "@std/media-types@1.1.0": {
      "integrity": "c9d093f0c05c3512932b330e3cc1fe1d627b301db33a4c2c2185c02471d6eaa4"
    },
    "@std/net@1.0.7": {
      "integrity": "e0b995738cfe2ed56f64591d400e55f143cff164efd690343f2deb4cf4d06d86"
    },
    "@std/path@1.1.6": {
      "integrity": "c68485c2a4dfbb5ae3cc74fae4e8c4e5d874cf8a8ed12927917235c758b46cbe",
      "dependencies": [
        "jsr:@std/internal"
      ]
    },
    "@std/streams@1.2.0": {
      "integrity": "256b934254778f2bf45f5713b934209ff29e9b4b7fd4ec095219966813758c5f"
    }
  },
  "npm": {
    "@ark/schema@0.56.6": {
      "integrity": "sha512-OmLv80BCF2ib+zjecrXDosip/CSnZSYBGjblhqWYZWFOzdLQka6QymHToE9u7Z/HZW2KA8Hwc8MCNXoI3uGSIA==",
      "dependencies": [
        "@ark/util"
      ]
    },
    "@ark/util@0.56.6": {
      "integrity": "sha512-mHqq0f0HyDd9YadpFl25w0QECAP7d8HGIUpEC85duD+L+xr4i/CwfOid/Z7zJFFF/47oLt6+pZB9RbqWpBYTYg=="
    },
    "arkregex@0.0.12": {
      "integrity": "sha512-sOxL0eX50pnRYO4OyajKZChGuuj/iHwC5tysiAaGOPBu+zJwJQckWn7/DRH2++ol5uaKpyRn7N0hKT7nDqGmgg==",
      "dependencies": [
        "@ark/util"
      ]
    },
    "arktype@2.2.7": {
      "integrity": "sha512-AbgM5SQvwCTURSR+ENfPtOG7cL5VZ0hqOVtoWyXKw2SviFddZhCBEUAjjVJYKCNFlPPR1VX5LGUKxsSqqc4Kdw==",
      "dependencies": [
        "@ark/schema",
        "@ark/util",
        "arkregex"
      ]
    }
  },
  "workspace": {
    "dependencies": [
      "jsr:@std/http@1"
    ],
    "packageJson": {
      "dependencies": [
        "npm:arktype@^2.2.7"
      ]
    }
  }
}
